
Microsoft Visual Studio Solution File, Format Version 12.00
# Visual Studio Version 16
VisualStudioVersion = 16.0.30804.86
MinimumVisualStudioVersion = 10.0.40219.1
Project("{FAE04EC0-301F-11D3-BF4B-00C04F79EFBC}") = "ToDoSample.Entities", "ToDoSample.Entities\ToDoSample.Entities.csproj", "{74E30909-D63D-49ED-890C-715501CB7277}"
EndProject
Project("{FAE04EC0-301F-11D3-BF4B-00C04F79EFBC}") = "ToDoSample.DataAccess", "ToDoSample.DataAccess\ToDoSample.DataAccess.csproj", "{AEF6F94A-B49D-4462-B8EA-32EDBB14D38F}"
EndProject
Project("{FAE04EC0-301F-11D3-BF4B-00C04F79EFBC}") = "ToDoSample.Business", "ToDoSample.Business\ToDoSample.Business.csproj", "{34649F56-3CE0-4A92-821C-E65A03169496}"
EndProject
Project("{FAE04EC0-301F-11D3-BF4B-00C04F79EFBC}") = "ToDoSample.WebApi", "ToDoSample.WebApi\ToDoSample.WebApi.csproj", "{B3123B29-88B3-47DD-B3E9-BFC375F50078}"
EndProject
Global
	GlobalSection(SolutionConfigurationPlatforms) = preSolution
		Debug|Any CPU = Debug|Any CPU
		Release|Any CPU = Release|Any CPU
	EndGlobalSection
	GlobalSection(ProjectConfigurationPlatforms) = postSolution
		{74E30909-D63D-49ED-890C-715501CB7277}.Debug|Any CPU.ActiveCfg = Debug|Any CPU
		{74E30909-D63D-49ED-890C-715501CB7277}.Debug|Any CPU.Build.0 = Debug|Any CPU
		{74E30909-D63D-49ED-890C-715501CB7277}.Release|Any CPU.ActiveCfg = Release|Any CPU
		{74E30909-D63D-49ED-890C-715501CB7277}.Release|Any CPU.Build.0 = Release|Any CPU
		{AEF6F94A-B49D-4462-B8EA-32EDBB14D38F}.Debug|Any CPU.ActiveCfg = Debug|Any CPU
		{AEF6F94A-B49D-4462-B8EA-32EDBB14D38F}.Debug|Any CPU.Build.0 = Debug|Any CPU
		{AEF6F94A-B49D-4462-B8EA-32EDBB14D38F}.Release|Any CPU.ActiveCfg = Release|Any CPU
		{AEF6F94A-B49D-4462-B8EA-32EDBB14D38F}.Release|Any CPU.Build.0 = Release|Any CPU
		{34649F56-3CE0-4A92-821C-E65A03169496}.Debug|Any CPU.ActiveCfg = Debug|Any CPU
		{34649F56-3CE0-4A92-821C-E65A03169496}.Debug|Any CPU.Build.0 = Debug|Any CPU
		{34649F56-3CE0-4A92-821C-E65A03169496}.Release|Any CPU.ActiveCfg = Release|Any CPU
		{34649F56-3CE0-4A92-821C-E65A03169496}.Release|Any CPU.Build.0 = Release|Any CPU
		{B3123B29-88B3-47DD-B3E9-BFC375F50078}.Debug|Any CPU.ActiveCfg = Debug|Any CPU
		{B3123B29-88B3-47DD-B3E9-BFC375F50078}.Debug|Any CPU.Build.0 = Debug|Any CPU
		{B3123B29-88B3-47DD-B3E9-BFC375F50078}.Release|Any CPU.ActiveCfg = Release|Any CPU
		{B3123B29-88B3-47DD-B3E9-BFC375F50078}.Release|Any CPU.Build.0 = Release|Any CPU
	EndGlobalSection
	GlobalSection(SolutionProperties) = preSolution
		HideSolutionNode = FALSE
	EndGlobalSection
	GlobalSection(ExtensibilityGlobals) = postSolution
		SolutionGuid = {A255D629-ADB5-4B22-BFE0-1C6CB1E3A365}
	EndGlobalSection
EndGlobal
